
Microsoft Visual Studio Solution File, Format Version 12.00
# Visual Studio Version 17
VisualStudioVersion = 17.8.34525.116
MinimumVisualStudioVersion = 10.0.40219.1
Project("{FAE04EC0-301F-11D3-BF4B-00C04F79EFBC}") = "GraphCursova", "GraphCursova\GraphCursova.csproj", "{F5F88FB7-430B-4401-9EA9-FE8900390917}"
EndProject
Global
	GlobalSection(SolutionConfigurationPlatforms) = preSolution
		Debug|Any CPU = Debug|Any CPU
		Release|Any CPU = Release|Any CPU
	EndGlobalSection
	GlobalSection(ProjectConfigurationPlatforms) = postSolution
		{F5F88FB7-430B-4401-9EA9-FE8900390917}.Debug|Any CPU.ActiveCfg = Debug|Any CPU
		{F5F88FB7-430B-4401-9EA9-FE8900390917}.Debug|Any CPU.Build.0 = Debug|Any CPU
		{F5F88FB7-430B-4401-9EA9-FE8900390917}.Release|Any CPU.ActiveCfg = Release|Any CPU
		{F5F88FB7-430B-4401-9EA9-FE8900390917}.Release|Any CPU.Build.0 = Release|Any CPU
	EndGlobalSection
	GlobalSection(SolutionProperties) = preSolution
		HideSolutionNode = FALSE
	EndGlobalSection
	GlobalSection(ExtensibilityGlobals) = postSolution
		SolutionGuid = {3E191C68-128D-48C1-943C-69321DE0DD23}
	EndGlobalSection
EndGlobal
